
Microsoft Visual Studio Solution File, Format Version 12.00
# Visual Studio 15
VisualStudioVersion = 15.0.26403.7
MinimumVisualStudioVersion = 10.0.40219.1
Project("{FAE04EC0-301F-11D3-BF4B-00C04F79EFBC}") = "WordpressAutomation", "WordpressAutomation\WordpressAutomation.csproj", "{AA375D68-F6AF-47DB-B68F-D2BA3B0C7EEE}"
EndProject
Project("{FAE04EC0-301F-11D3-BF4B-00C04F79EFBC}") = "WordpressTests", "WordpressTests\WordpressTests.csproj", "{C87A46DE-BA23-49BA-BA58-61E6F86DE01E}"
EndProject
Global
	GlobalSection(SolutionConfigurationPlatforms) = preSolution
		Debug|Any CPU = Debug|Any CPU
		Release|Any CPU = Release|Any CPU
	EndGlobalSection
	GlobalSection(ProjectConfigurationPlatforms) = postSolution
		{AA375D68-F6AF-47DB-B68F-D2BA3B0C7EEE}.Debug|Any CPU.ActiveCfg = Debug|Any CPU
		{AA375D68-F6AF-47DB-B68F-D2BA3B0C7EEE}.Debug|Any CPU.Build.0 = Debug|Any CPU
		{AA375D68-F6AF-47DB-B68F-D2BA3B0C7EEE}.Release|Any CPU.ActiveCfg = Release|Any CPU
		{AA375D68-F6AF-47DB-B68F-D2BA3B0C7EEE}.Release|Any CPU.Build.0 = Release|Any CPU
		{C87A46DE-BA23-49BA-BA58-61E6F86DE01E}.Debug|Any CPU.ActiveCfg = Debug|Any CPU
		{C87A46DE-BA23-49BA-BA58-61E6F86DE01E}.Debug|Any CPU.Build.0 = Debug|Any CPU
		{C87A46DE-BA23-49BA-BA58-61E6F86DE01E}.Release|Any CPU.ActiveCfg = Release|Any CPU
		{C87A46DE-BA23-49BA-BA58-61E6F86DE01E}.Release|Any CPU.Build.0 = Release|Any CPU
	EndGlobalSection
	GlobalSection(SolutionProperties) = preSolution
		HideSolutionNode = FALSE
	EndGlobalSection
EndGlobal
